
Microsoft Visual Studio Solution File, Format Version 12.00
# Visual Studio Version 17
VisualStudioVersion = 17.0.31903.59
MinimumVisualStudioVersion = 10.0.40219.1
Project("{9A19103F-16F7-4668-BE54-9A1E7A4F7556}") = "HelloAppRunnerVpc", "HelloAppRunnerVpc.csproj", "{B9D58F01-D7DA-485E-9F98-8665135CAB96}"
EndProject
Global
	GlobalSection(SolutionConfigurationPlatforms) = preSolution
		Debug|Any CPU = Debug|Any CPU
		Release|Any CPU = Release|Any CPU
	EndGlobalSection
	GlobalSection(ProjectConfigurationPlatforms) = postSolution
		{B9D58F01-D7DA-485E-9F98-8665135CAB96}.Debug|Any CPU.ActiveCfg = Debug|Any CPU
		{B9D58F01-D7DA-485E-9F98-8665135CAB96}.Debug|Any CPU.Build.0 = Debug|Any CPU
		{B9D58F01-D7DA-485E-9F98-8665135CAB96}.Release|Any CPU.ActiveCfg = Release|Any CPU
		{B9D58F01-D7DA-485E-9F98-8665135CAB96}.Release|Any CPU.Build.0 = Release|Any CPU
	EndGlobalSection
	GlobalSection(SolutionProperties) = preSolution
		HideSolutionNode = FALSE
	EndGlobalSection
	GlobalSection(ExtensibilityGlobals) = postSolution
		SolutionGuid = {677D7874-7FFC-4D8F-9316-ACBFC3974628}
	EndGlobalSection
EndGlobal
